
Microsoft Visual Studio Solution File, Format Version 12.00
# Visual Studio Version 16
VisualStudioVersion = 16.0.34601.136
MinimumVisualStudioVersion = 10.0.40219.1
Project("{FAE04EC0-301F-11D3-BF4B-00C04F79EFBC}") = "QuickTest", "..\QuickTest\QuickTest.csproj", "{1D24299A-3701-4CAE-936E-34658D0B33A7}"
EndProject
Project("{FAE04EC0-301F-11D3-BF4B-00C04F79EFBC}") = "QuickDate", "..\QuickDate\QuickDate.csproj", "{B45ED198-B126-4A65-8A42-B86A01D1B0D0}"
EndProject
Global
	GlobalSection(SolutionConfigurationPlatforms) = preSolution
		Debug|Any CPU = Debug|Any CPU
		Release|Any CPU = Release|Any CPU
	EndGlobalSection
	GlobalSection(ProjectConfigurationPlatforms) = postSolution
		{1D24299A-3701-4CAE-936E-34658D0B33A7}.Debug|Any CPU.ActiveCfg = Debug|Any CPU
		{1D24299A-3701-4CAE-936E-34658D0B33A7}.Debug|Any CPU.Build.0 = Debug|Any CPU
		{1D24299A-3701-4CAE-936E-34658D0B33A7}.Release|Any CPU.ActiveCfg = Release|Any CPU
		{1D24299A-3701-4CAE-936E-34658D0B33A7}.Release|Any CPU.Build.0 = Release|Any CPU
		{B45ED198-B126-4A65-8A42-B86A01D1B0D0}.Debug|Any CPU.ActiveCfg = Debug|Any CPU
		{B45ED198-B126-4A65-8A42-B86A01D1B0D0}.Debug|Any CPU.Build.0 = Debug|Any CPU
		{B45ED198-B126-4A65-8A42-B86A01D1B0D0}.Release|Any CPU.ActiveCfg = Release|Any CPU
		{B45ED198-B126-4A65-8A42-B86A01D1B0D0}.Release|Any CPU.Build.0 = Release|Any CPU
	EndGlobalSection
	GlobalSection(SolutionProperties) = preSolution
		HideSolutionNode = FALSE
	EndGlobalSection
	GlobalSection(ExtensibilityGlobals) = postSolution
		SolutionGuid = {BA4AD4C3-D2A9-4300-BB7F-28AC913F09F3}
	EndGlobalSection
EndGlobal
